
Microsoft Visual Studio Solution File, Format Version 12.00
# Visual Studio Version 17
VisualStudioVersion = 17.9.34701.34
MinimumVisualStudioVersion = 10.0.40219.1
Project("{2150E333-8FDC-42A3-9474-1A3956D46DE8}") = "src", "src", "{8F31A8F7-36C7-4134-B2D2-7CEB354C8A7B}"
EndProject
Project("{2150E333-8FDC-42A3-9474-1A3956D46DE8}") = "tests", "tests", "{B919854C-1CEA-4E01-B21C-AA85313C6398}"
EndProject
Project("{9A19103F-16F7-4668-BE54-9A1E7A4F7556}") = "CashFlow.Api", "src\CashFlow.Api\CashFlow.Api.csproj", "{882CA8CC-495A-48BF-AFED-72C0D501BC0E}"
	ProjectSection(ProjectDependencies) = postProject
		{0944756D-8F5D-40DD-8D33-F1AA311F8568} = {0944756D-8F5D-40DD-8D33-F1AA311F8568}
		{0F7DE532-7E7E-478C-A7EC-D177BB20AE8B} = {0F7DE532-7E7E-478C-A7EC-D177BB20AE8B}
		{29A837E5-D038-47C6-B0EA-148D003397AB} = {29A837E5-D038-47C6-B0EA-148D003397AB}
		{E7455378-E17B-47A7-97B7-C73EB7041C1A} = {E7455378-E17B-47A7-97B7-C73EB7041C1A}
	EndProjectSection
EndProject
Project("{9A19103F-16F7-4668-BE54-9A1E7A4F7556}") = "CashFlow.Domain", "src\CashFlow.Domain\CashFlow.Domain.csproj", "{E885479A-254B-4E43-B6D4-28F13598CC03}"
EndProject
Project("{9A19103F-16F7-4668-BE54-9A1E7A4F7556}") = "CashFlow.Exception", "src\CashFlow.Exception\CashFlow.Exception.csproj", "{E7455378-E17B-47A7-97B7-C73EB7041C1A}"
EndProject
Project("{9A19103F-16F7-4668-BE54-9A1E7A4F7556}") = "CashFlow.Infrastructure", "src\CashFlow.Infrastructure\CashFlow.Infrastructure.csproj", "{0F7DE532-7E7E-478C-A7EC-D177BB20AE8B}"
EndProject
Project("{FAE04EC0-301F-11D3-BF4B-00C04F79EFBC}") = "CashFlow.Application", "src\CashFlow.Application\CashFlow.Application.csproj", "{0944756D-8F5D-40DD-8D33-F1AA311F8568}"
	ProjectSection(ProjectDependencies) = postProject
		{29A837E5-D038-47C6-B0EA-148D003397AB} = {29A837E5-D038-47C6-B0EA-148D003397AB}
		{E7455378-E17B-47A7-97B7-C73EB7041C1A} = {E7455378-E17B-47A7-97B7-C73EB7041C1A}
		{E885479A-254B-4E43-B6D4-28F13598CC03} = {E885479A-254B-4E43-B6D4-28F13598CC03}
	EndProjectSection
EndProject
Project("{FAE04EC0-301F-11D3-BF4B-00C04F79EFBC}") = "CashFlow.Communication", "src\CashFlow.Communication\CashFlow.Communication.csproj", "{29A837E5-D038-47C6-B0EA-148D003397AB}"
EndProject
Global
	GlobalSection(SolutionConfigurationPlatforms) = preSolution
		Debug|Any CPU = Debug|Any CPU
		Release|Any CPU = Release|Any CPU
	EndGlobalSection
	GlobalSection(ProjectConfigurationPlatforms) = postSolution
		{882CA8CC-495A-48BF-AFED-72C0D501BC0E}.Debug|Any CPU.ActiveCfg = Debug|Any CPU
		{882CA8CC-495A-48BF-AFED-72C0D501BC0E}.Debug|Any CPU.Build.0 = Debug|Any CPU
		{882CA8CC-495A-48BF-AFED-72C0D501BC0E}.Release|Any CPU.ActiveCfg = Release|Any CPU
		{882CA8CC-495A-48BF-AFED-72C0D501BC0E}.Release|Any CPU.Build.0 = Release|Any CPU
		{E885479A-254B-4E43-B6D4-28F13598CC03}.Debug|Any CPU.ActiveCfg = Debug|Any CPU
		{E885479A-254B-4E43-B6D4-28F13598CC03}.Debug|Any CPU.Build.0 = Debug|Any CPU
		{E885479A-254B-4E43-B6D4-28F13598CC03}.Release|Any CPU.ActiveCfg = Release|Any CPU
		{E885479A-254B-4E43-B6D4-28F13598CC03}.Release|Any CPU.Build.0 = Release|Any CPU
		{E7455378-E17B-47A7-97B7-C73EB7041C1A}.Debug|Any CPU.ActiveCfg = Debug|Any CPU
		{E7455378-E17B-47A7-97B7-C73EB7041C1A}.Debug|Any CPU.Build.0 = Debug|Any CPU
		{E7455378-E17B-47A7-97B7-C73EB7041C1A}.Release|Any CPU.ActiveCfg = Release|Any CPU
		{E7455378-E17B-47A7-97B7-C73EB7041C1A}.Release|Any CPU.Build.0 = Release|Any CPU
		{0F7DE532-7E7E-478C-A7EC-D177BB20AE8B}.Debug|Any CPU.ActiveCfg = Debug|Any CPU
		{0F7DE532-7E7E-478C-A7EC-D177BB20AE8B}.Debug|Any CPU.Build.0 = Debug|Any CPU
		{0F7DE532-7E7E-478C-A7EC-D177BB20AE8B}.Release|Any CPU.ActiveCfg = Release|Any CPU
		{0F7DE532-7E7E-478C-A7EC-D177BB20AE8B}.Release|Any CPU.Build.0 = Release|Any CPU
		{0944756D-8F5D-40DD-8D33-F1AA311F8568}.Debug|Any CPU.ActiveCfg = Debug|Any CPU
		{0944756D-8F5D-40DD-8D33-F1AA311F8568}.Debug|Any CPU.Build.0 = Debug|Any CPU
		{0944756D-8F5D-40DD-8D33-F1AA311F8568}.Release|Any CPU.ActiveCfg = Release|Any CPU
		{0944756D-8F5D-40DD-8D33-F1AA311F8568}.Release|Any CPU.Build.0 = Release|Any CPU
		{29A837E5-D038-47C6-B0EA-148D003397AB}.Debug|Any CPU.ActiveCfg = Debug|Any CPU
		{29A837E5-D038-47C6-B0EA-148D003397AB}.Debug|Any CPU.Build.0 = Debug|Any CPU
		{29A837E5-D038-47C6-B0EA-148D003397AB}.Release|Any CPU.ActiveCfg = Release|Any CPU
		{29A837E5-D038-47C6-B0EA-148D003397AB}.Release|Any CPU.Build.0 = Release|Any CPU
	EndGlobalSection
	GlobalSection(SolutionProperties) = preSolution
		HideSolutionNode = FALSE
	EndGlobalSection
	GlobalSection(NestedProjects) = preSolution
		{882CA8CC-495A-48BF-AFED-72C0D501BC0E} = {8F31A8F7-36C7-4134-B2D2-7CEB354C8A7B}
		{E885479A-254B-4E43-B6D4-28F13598CC03} = {8F31A8F7-36C7-4134-B2D2-7CEB354C8A7B}
		{E7455378-E17B-47A7-97B7-C73EB7041C1A} = {8F31A8F7-36C7-4134-B2D2-7CEB354C8A7B}
		{0F7DE532-7E7E-478C-A7EC-D177BB20AE8B} = {8F31A8F7-36C7-4134-B2D2-7CEB354C8A7B}
		{0944756D-8F5D-40DD-8D33-F1AA311F8568} = {8F31A8F7-36C7-4134-B2D2-7CEB354C8A7B}
		{29A837E5-D038-47C6-B0EA-148D003397AB} = {8F31A8F7-36C7-4134-B2D2-7CEB354C8A7B}
	EndGlobalSection
	GlobalSection(ExtensibilityGlobals) = postSolution
		SolutionGuid = {EC5B29BA-93D1-4B8A-ABBA-EFA79B203697}
	EndGlobalSection
EndGlobal
